// !$*UTF8*$!
{
	archiveVersion = 1;
	classes = {
	};
	objectVersion = 46;
	objects = {

/* Begin PBXBuildFile section */
		E988034516EF3BAA00EE0931 /* index.html in Resources */ = {isa = PBXBuildFile; fileRef = E988032B16EF3BAA00EE0931 /* index.html */; };
		E988034716EF3BAA00EE0931 /* json.js in Sources */ = {isa = PBXBuildFile; fileRef = E988032E16EF3BAA00EE0931 /* json.js */; };
		E988035A16EF3BAA00EE0931 /* new.js in Sources */ = {isa = PBXBuildFile; fileRef = E988034316EF3BAA00EE0931 /* new.js */; };
		E988035D16EF3CA600EE0931 /* json.js in Resources */ = {isa = PBXBuildFile; fileRef = E988032E16EF3BAA00EE0931 /* json.js */; };
		E988037016EF3CA600EE0931 /* new.js in Resources */ = {isa = PBXBuildFile; fileRef = E988034316EF3BAA00EE0931 /* new.js */; };
		E9A53F5416EF04CF00430A25 /* UIKit.framework in Frameworks */ = {isa = PBXBuildFile; fileRef = E9A53F5316EF04CF00430A25 /* UIKit.framework */; };
		E9A53F5616EF04CF00430A25 /* Foundation.framework in Frameworks */ = {isa = PBXBuildFile; fileRef = E9A53F5516EF04CF00430A25 /* Foundation.framework */; };
		E9A53F5816EF04CF00430A25 /* CoreGraphics.framework in Frameworks */ = {isa = PBXBuildFile; fileRef = E9A53F5716EF04CF00430A25 /* CoreGraphics.framework */; };
		E9A53F5E16EF04CF00430A25 /* InfoPlist.strings in Resources */ = {isa = PBXBuildFile; fileRef = E9A53F5C16EF04CF00430A25 /* InfoPlist.strings */; };
		E9A53F6016EF04CF00430A25 /* main.m in Sources */ = {isa = PBXBuildFile; fileRef = E9A53F5F16EF04CF00430A25 /* main.m */; };
		E9A53F6416EF04CF00430A25 /* AppDelegate.m in Sources */ = {isa = PBXBuildFile; fileRef = E9A53F6316EF04CF00430A25 /* AppDelegate.m */; };
		E9A53F6616EF04CF00430A25 /* Default.png in Resources */ = {isa = PBXBuildFile; fileRef = E9A53F6516EF04CF00430A25 /* Default.png */; };
		E9A53F6816EF04CF00430A25 /* Default@2x.png in Resources */ = {isa = PBXBuildFile; fileRef = E9A53F6716EF04CF00430A25 /* Default@2x.png */; };
		E9A53F6A16EF04CF00430A25 /* Default-568h@2x.png in Resources */ = {isa = PBXBuildFile; fileRef = E9A53F6916EF04CF00430A25 /* Default-568h@2x.png */; };
		E9A53F6D16EF04CF00430A25 /* ViewController.m in Sources */ = {isa = PBXBuildFile; fileRef = E9A53F6C16EF04CF00430A25 /* ViewController.m */; };
		E9A53F7016EF04CF00430A25 /* ViewController.xib in Resources */ = {isa = PBXBuildFile; fileRef = E9A53F6E16EF04CF00430A25 /* ViewController.xib */; };
/* End PBXBuildFile section */

/* Begin PBXFileReference section */
		E988032B16EF3BAA00EE0931 /* index.html */ = {isa = PBXFileReference; fileEncoding = 4; lastKnownFileType = text.html; path = index.html; sourceTree = "<group>"; };
		E988032E16EF3BAA00EE0931 /* json.js */ = {isa = PBXFileReference; fileEncoding = 4; lastKnownFileType = sourcecode.javascript; path = json.js; sourceTree = "<group>"; };
		E988034316EF3BAA00EE0931 /* new.js */ = {isa = PBXFileReference; fileEncoding = 4; lastKnownFileType = sourcecode.javascript; path = new.js; sourceTree = "<group>"; };
		E9A53F5016EF04CF00430A25 /* GetYoutubeUrl.app */ = {isa = PBXFileReference; explicitFileType = wrapper.application; includeInIndex = 0; path = GetYoutubeUrl.app; sourceTree = BUILT_PRODUCTS_DIR; };
		E9A53F5316EF04CF00430A25 /* UIKit.framework */ = {isa = PBXFileReference; lastKnownFileType = wrapper.framework; name = UIKit.framework; path = System/Library/Frameworks/UIKit.framework; sourceTree = SDKROOT; };
		E9A53F5516EF04CF00430A25 /* Foundation.framework */ = {isa = PBXFileReference; lastKnownFileType = wrapper.framework; name = Foundation.framework; path = System/Library/Frameworks/Foundation.framework; sourceTree = SDKROOT; };
		E9A53F5716EF04CF00430A25 /* CoreGraphics.framework */ = {isa = PBXFileReference; lastKnownFileType = wrapper.framework; name = CoreGraphics.framework; path = System/Library/Frameworks/CoreGraphics.framework; sourceTree = SDKROOT; };
		E9A53F5B16EF04CF00430A25 /* GetYoutubeUrl-Info.plist */ = {isa = PBXFileReference; lastKnownFileType = text.plist.xml; path = "GetYoutubeUrl-Info.plist"; sourceTree = "<group>"; };
		E9A53F5D16EF04CF00430A25 /* en */ = {isa = PBXFileReference; lastKnownFileType = text.plist.strings; name = en; path = en.lproj/InfoPlist.strings; sourceTree = "<group>"; };
		E9A53F5F16EF04CF00430A25 /* main.m */ = {isa = PBXFileReference; lastKnownFileType = sourcecode.c.objc; path = main.m; sourceTree = "<group>"; };
		E9A53F6116EF04CF00430A25 /* GetYoutubeUrl-Prefix.pch */ = {isa = PBXFileReference; lastKnownFileType = sourcecode.c.h; path = "GetYoutubeUrl-Prefix.pch"; sourceTree = "<group>"; };
		E9A53F6216EF04CF00430A25 /* AppDelegate.h */ = {isa = PBXFileReference; lastKnownFileType = sourcecode.c.h; path = AppDelegate.h; sourceTree = "<group>"; };
		E9A53F6316EF04CF00430A25 /* AppDelegate.m */ = {isa = PBXFileReference; lastKnownFileType = sourcecode.c.objc; path = AppDelegate.m; sourceTree = "<group>"; };
		E9A53F6516EF04CF00430A25 /* Default.png */ = {isa = PBXFileReference; lastKnownFileType = image.png; path = Default.png; sourceTree = "<group>"; };
		E9A53F6716EF04CF00430A25 /* Default@2x.png */ = {isa = PBXFileReference; lastKnownFileType = image.png; path = "Default@2x.png"; sourceTree = "<group>"; };
		E9A53F6916EF04CF00430A25 /* Default-568h@2x.png */ = {isa = PBXFileReference; lastKnownFileType = image.png; path = "Default-568h@2x.png"; sourceTree = "<group>"; };
		E9A53F6B16EF04CF00430A25 /* ViewController.h */ = {isa = PBXFileReference; lastKnownFileType = sourcecode.c.h; path = ViewController.h; sourceTree = "<group>"; };
		E9A53F6C16EF04CF00430A25 /* ViewController.m */ = {isa = PBXFileReference; lastKnownFileType = sourcecode.c.objc; path = ViewController.m; sourceTree = "<group>"; };
		E9A53F6F16EF04CF00430A25 /* en */ = {isa = PBXFileReference; lastKnownFileType = file.xib; name = en; path = en.lproj/ViewController.xib; sourceTree = "<group>"; };
/* End PBXFileReference section */

/* Begin PBXFrameworksBuildPhase section */
		E9A53F4D16EF04CF00430A25 /* Frameworks */ = {
			isa = PBXFrameworksBuildPhase;
			buildActionMask = 2147483647;
			files = (
				E9A53F5416EF04CF00430A25 /* UIKit.framework in Frameworks */,
				E9A53F5616EF04CF00430A25 /* Foundation.framework in Frameworks */,
				E9A53F5816EF04CF00430A25 /* CoreGraphics.framework in Frameworks */,
			);
			runOnlyForDeploymentPostprocessing = 0;
		};
/* End PBXFrameworksBuildPhase section */

/* Begin PBXGroup section */
		E988032C16EF3BAA00EE0931 /* js */ = {
			isa = PBXGroup;
			children = (
				E988032E16EF3BAA00EE0931 /* json.js */,
				E988034316EF3BAA00EE0931 /* new.js */,
			);
			path = js;
			sourceTree = "<group>";
		};
		E9A53F4716EF04CF00430A25 = {
			isa = PBXGroup;
			children = (
				E9A53F5916EF04CF00430A25 /* GetYoutubeUrl */,
				E9A53F5216EF04CF00430A25 /* Frameworks */,
				E9A53F5116EF04CF00430A25 /* Products */,
			);
			sourceTree = "<group>";
		};
		E9A53F5116EF04CF00430A25 /* Products */ = {
			isa = PBXGroup;
			children = (
				E9A53F5016EF04CF00430A25 /* GetYoutubeUrl.app */,
			);
			name = Products;
			sourceTree = "<group>";
		};
		E9A53F5216EF04CF00430A25 /* Frameworks */ = {
			isa = PBXGroup;
			children = (
				E9A53F5316EF04CF00430A25 /* UIKit.framework */,
				E9A53F5516EF04CF00430A25 /* Foundation.framework */,
				E9A53F5716EF04CF00430A25 /* CoreGraphics.framework */,
			);
			name = Frameworks;
			sourceTree = "<group>";
		};
		E9A53F5916EF04CF00430A25 /* GetYoutubeUrl */ = {
			isa = PBXGroup;
			children = (
				E9A53F7816EF063500430A25 /* Resorces */,
				E9A53F6216EF04CF00430A25 /* AppDelegate.h */,
				E9A53F6316EF04CF00430A25 /* AppDelegate.m */,
				E9A53F6B16EF04CF00430A25 /* ViewController.h */,
				E9A53F6C16EF04CF00430A25 /* ViewController.m */,
				E9A53F6E16EF04CF00430A25 /* ViewController.xib */,
				E9A53F5A16EF04CF00430A25 /* Supporting Files */,
			);
			path = GetYoutubeUrl;
			sourceTree = "<group>";
		};
		E9A53F5A16EF04CF00430A25 /* Supporting Files */ = {
			isa = PBXGroup;
			children = (
				E9A53F5B16EF04CF00430A25 /* GetYoutubeUrl-Info.plist */,
				E9A53F5C16EF04CF00430A25 /* InfoPlist.strings */,
				E9A53F5F16EF04CF00430A25 /* main.m */,
				E9A53F6116EF04CF00430A25 /* GetYoutubeUrl-Prefix.pch */,
				E9A53F6516EF04CF00430A25 /* Default.png */,
				E9A53F6716EF04CF00430A25 /* Default@2x.png */,
				E9A53F6916EF04CF00430A25 /* Default-568h@2x.png */,
			);
			name = "Supporting Files";
			sourceTree = "<group>";
		};
		E9A53F7816EF063500430A25 /* Resorces */ = {
			isa = PBXGroup;
			children = (
				E988032B16EF3BAA00EE0931 /* index.html */,
				E988032C16EF3BAA00EE0931 /* js */,
			);
			name = Resorces;
			sourceTree = "<group>";
		};
/* End PBXGroup section */

/* Begin PBXNativeTarget section */
		E9A53F4F16EF04CF00430A25 /* GetYoutubeUrl */ = {
			isa = PBXNativeTarget;
			buildConfigurationList = E9A53F7316EF04CF00430A25 /* Build configuration list for PBXNativeTarget "GetYoutubeUrl" */;
			buildPhases = (
				E9A53F4C16EF04CF00430A25 /* Sources */,
				E9A53F4D16EF04CF00430A25 /* Frameworks */,
				E9A53F4E16EF04CF00430A25 /* Resources */,
			);
			buildRules = (
			);
			dependencies = (
			);
			name = GetYoutubeUrl;
			productName = GetYoutubeUrl;
			productReference = E9A53F5016EF04CF00430A25 /* GetYoutubeUrl.app */;
			productType = "com.apple.product-type.application";
		};
/* End PBXNativeTarget section */

/* Begin PBXProject section */
		E9A53F4816EF04CF00430A25 /* Project object */ = {
			isa = PBXProject;
			attributes = {
				LastUpgradeCheck = 0460;
				ORGANIZATIONNAME = Codespot;
			};
			buildConfigurationList = E9A53F4B16EF04CF00430A25 /* Build configuration list for PBXProject "GetYoutubeUrl" */;
			compatibilityVersion = "Xcode 3.2";
			developmentRegion = English;
			hasScannedForEncodings = 0;
			knownRegions = (
				en,
			);
			mainGroup = E9A53F4716EF04CF00430A25;
			productRefGroup = E9A53F5116EF04CF00430A25 /* Products */;
			projectDirPath = "";
			projectRoot = "";
			targets = (
				E9A53F4F16EF04CF00430A25 /* GetYoutubeUrl */,
			);
		};
/* End PBXProject section */

/* Begin PBXResourcesBuildPhase section */
		E9A53F4E16EF04CF00430A25 /* Resources */ = {
			isa = PBXResourcesBuildPhase;
			buildActionMask = 2147483647;
			files = (
				E988035D16EF3CA600EE0931 /* json.js in Resources */,
				E988037016EF3CA600EE0931 /* new.js in Resources */,
				E9A53F5E16EF04CF00430A25 /* InfoPlist.strings in Resources */,
				E9A53F6616EF04CF00430A25 /* Default.png in Resources */,
				E9A53F6816EF04CF00430A25 /* Default@2x.png in Resources */,
				E9A53F6A16EF04CF00430A25 /* Default-568h@2x.png in Resources */,
				E9A53F7016EF04CF00430A25 /* ViewController.xib in Resources */,
				E988034516EF3BAA00EE0931 /* index.html in Resources */,
			);
			runOnlyForDeploymentPostprocessing = 0;
		};
/* End PBXResourcesBuildPhase section */

/* Begin PBXSourcesBuildPhase section */
		E9A53F4C16EF04CF00430A25 /* Sources */ = {
			isa = PBXSourcesBuildPhase;
			buildActionMask = 2147483647;
			files = (
				E9A53F6016EF04CF00430A25 /* main.m in Sources */,
				E9A53F6416EF04CF00430A25 /* AppDelegate.m in Sources */,
				E9A53F6D16EF04CF00430A25 /* ViewController.m in Sources */,
				E988034716EF3BAA00EE0931 /* json.js in Sources */,
				E988035A16EF3BAA00EE0931 /* new.js in Sources */,
			);
			runOnlyForDeploymentPostprocessing = 0;
		};
/* End PBXSourcesBuildPhase section */

/* Begin PBXVariantGroup section */
		E9A53F5C16EF04CF00430A25 /* InfoPlist.strings */ = {
			isa = PBXVariantGroup;
			children = (
				E9A53F5D16EF04CF00430A25 /* en */,
			);
			name = InfoPlist.strings;
			sourceTree = "<group>";
		};
		E9A53F6E16EF04CF00430A25 /* ViewController.xib */ = {
			isa = PBXVariantGroup;
			children = (
				E9A53F6F16EF04CF00430A25 /* en */,
			);
			name = ViewController.xib;
			sourceTree = "<group>";
		};
/* End PBXVariantGroup section */

/* Begin XCBuildConfiguration section */
		E9A53F7116EF04CF00430A25 /* Debug */ = {
			isa = XCBuildConfiguration;
			buildSettings = {
				ALWAYS_SEARCH_USER_PATHS = NO;
				CLANG_CXX_LANGUAGE_STANDARD = "gnu++0x";
				CLANG_CXX_LIBRARY = "libc++";
				CLANG_WARN_CONSTANT_CONVERSION = YES;
				CLANG_WARN_EMPTY_BODY = YES;
				CLANG_WARN_ENUM_CONVERSION = YES;
				CLANG_WARN_INT_CONVERSION = YES;
				CLANG_WARN__DUPLICATE_METHOD_MATCH = YES;
				"CODE_SIGN_IDENTITY[sdk=iphoneos*]" = "iPhone Developer";
				COPY_PHASE_STRIP = NO;
				GCC_C_LANGUAGE_STANDARD = gnu99;
				GCC_DYNAMIC_NO_PIC = NO;
				GCC_OPTIMIZATION_LEVEL = 0;
				GCC_PREPROCESSOR_DEFINITIONS = (
					"DEBUG=1",
					"$(inherited)",
				);
				GCC_SYMBOLS_PRIVATE_EXTERN = NO;
				GCC_WARN_ABOUT_RETURN_TYPE = YES;
				GCC_WARN_UNINITIALIZED_AUTOS = YES;
				GCC_WARN_UNUSED_VARIABLE = YES;
				IPHONEOS_DEPLOYMENT_TARGET = 4.3;
				ONLY_ACTIVE_ARCH = YES;
				SDKROOT = iphoneos;
			};
			name = Debug;
		};
		E9A53F7216EF04CF00430A25 /* Release */ = {
			isa = XCBuildConfiguration;
			buildSettings = {
				ALWAYS_SEARCH_USER_PATHS = NO;
				CLANG_CXX_LANGUAGE_STANDARD = "gnu++0x";
				CLANG_CXX_LIBRARY = "libc++";
				CLANG_WARN_CONSTANT_CONVERSION = YES;
				CLANG_WARN_EMPTY_BODY = YES;
				CLANG_WARN_ENUM_CONVERSION = YES;
				CLANG_WARN_INT_CONVERSION = YES;
				CLANG_WARN__DUPLICATE_METHOD_MATCH = YES;
				"CODE_SIGN_IDENTITY[sdk=iphoneos*]" = "iPhone Developer";
				COPY_PHASE_STRIP = YES;
				GCC_C_LANGUAGE_STANDARD = gnu99;
				GCC_WARN_ABOUT_RETURN_TYPE = YES;
				GCC_WARN_UNINITIALIZED_AUTOS = YES;
				GCC_WARN_UNUSED_VARIABLE = YES;
				IPHONEOS_DEPLOYMENT_TARGET = 4.3;
				OTHER_CFLAGS = "-DNS_BLOCK_ASSERTIONS=1";
				SDKROOT = iphoneos;
				VALIDATE_PRODUCT = YES;
			};
			name = Release;
		};
		E9A53F7416EF04CF00430A25 /* Debug */ = {
			isa = XCBuildConfiguration;
			buildSettings = {
				GCC_PRECOMPILE_PREFIX_HEADER = YES;
				GCC_PREFIX_HEADER = "GetYoutubeUrl/GetYoutubeUrl-Prefix.pch";
				INFOPLIST_FILE = "GetYoutubeUrl/GetYoutubeUrl-Info.plist";
				PRODUCT_NAME = "$(TARGET_NAME)";
				WRAPPER_EXTENSION = app;
			};
			name = Debug;
		};
		E9A53F7516EF04CF00430A25 /* Release */ = {
			isa = XCBuildConfiguration;
			buildSettings = {
				GCC_PRECOMPILE_PREFIX_HEADER = YES;
				GCC_PREFIX_HEADER = "GetYoutubeUrl/GetYoutubeUrl-Prefix.pch";
				INFOPLIST_FILE = "GetYoutubeUrl/GetYoutubeUrl-Info.plist";
				PRODUCT_NAME = "$(TARGET_NAME)";
				WRAPPER_EXTENSION = app;
			};
			name = Release;
		};
/* End XCBuildConfiguration section */

/* Begin XCConfigurationList section */
		E9A53F4B16EF04CF00430A25 /* Build configuration list for PBXProject "GetYoutubeUrl" */ = {
			isa = XCConfigurationList;
			buildConfigurations = (
				E9A53F7116EF04CF00430A25 /* Debug */,
				E9A53F7216EF04CF00430A25 /* Release */,
			);
			defaultConfigurationIsVisible = 0;
			defaultConfigurationName = Release;
		};
		E9A53F7316EF04CF00430A25 /* Build configuration list for PBXNativeTarget "GetYoutubeUrl" */ = {
			isa = XCConfigurationList;
			buildConfigurations = (
				E9A53F7416EF04CF00430A25 /* Debug */,
				E9A53F7516EF04CF00430A25 /* Release */,
			);
			defaultConfigurationIsVisible = 0;
			defaultConfigurationName = Release;
		};
/* End XCConfigurationList section */
	};
	rootObject = E9A53F4816EF04CF00430A25 /* Project object */;
}
